
Microsoft Visual Studio Solution File, Format Version 12.00
# Visual Studio Version 17
Project("{2150E333-8FDC-42A3-9474-1A3956D46DE8}") = "CMakePredefinedTargets", "CMakePredefinedTargets", "{79BB9F56-430C-3751-A903-B94F1B311ACA}"
EndProject
Project("{8BC9CEB8-8B4A-11D0-8D11-00A0C91BC942}") = "ALL_BUILD", "ALL_BUILD.vcxproj", "{620BC57E-2920-3D06-8955-2B175B7EA939}"
	ProjectSection(ProjectDependencies) = postProject
		{92E8D220-6722-388F-A845-BE57175AE0DF} = {92E8D220-6722-388F-A845-BE57175AE0DF}
		{D8EBF8C7-1E7F-378B-8A93-5E4B1291CAC0} = {D8EBF8C7-1E7F-378B-8A93-5E4B1291CAC0}
	EndProjectSection
EndProject
Project("{8BC9CEB8-8B4A-11D0-8D11-00A0C91BC942}") = "INSTALL", "INSTALL.vcxproj", "{4D0108C8-9251-388B-A27C-B3F20606CE02}"
	ProjectSection(ProjectDependencies) = postProject
		{620BC57E-2920-3D06-8955-2B175B7EA939} = {620BC57E-2920-3D06-8955-2B175B7EA939}
		{92E8D220-6722-388F-A845-BE57175AE0DF} = {92E8D220-6722-388F-A845-BE57175AE0DF}
	EndProjectSection
EndProject
Project("{8BC9CEB8-8B4A-11D0-8D11-00A0C91BC942}") = "PACKAGE", "PACKAGE.vcxproj", "{2DA927F0-0B09-3A2F-858F-BF3FFC845CAA}"
	ProjectSection(ProjectDependencies) = postProject
		{620BC57E-2920-3D06-8955-2B175B7EA939} = {620BC57E-2920-3D06-8955-2B175B7EA939}
		{92E8D220-6722-388F-A845-BE57175AE0DF} = {92E8D220-6722-388F-A845-BE57175AE0DF}
	EndProjectSection
EndProject
Project("{8BC9CEB8-8B4A-11D0-8D11-00A0C91BC942}") = "ZERO_CHECK", "..\..\\ZERO_CHECK.vcxproj", "{92E8D220-6722-388F-A845-BE57175AE0DF}"
	ProjectSection(ProjectDependencies) = postProject
	EndProjectSection
EndProject
Project("{8BC9CEB8-8B4A-11D0-8D11-00A0C91BC942}") = "glad", "glad.vcxproj", "{D8EBF8C7-1E7F-378B-8A93-5E4B1291CAC0}"
	ProjectSection(ProjectDependencies) = postProject
		{92E8D220-6722-388F-A845-BE57175AE0DF} = {92E8D220-6722-388F-A845-BE57175AE0DF}
	EndProjectSection
EndProject
Global
	GlobalSection(SolutionConfigurationPlatforms) = preSolution
		Debug|x64 = Debug|x64
		Release|x64 = Release|x64
		MinSizeRel|x64 = MinSizeRel|x64
		RelWithDebInfo|x64 = RelWithDebInfo|x64
	EndGlobalSection
	GlobalSection(ProjectConfigurationPlatforms) = postSolution
		{620BC57E-2920-3D06-8955-2B175B7EA939}.Debug|x64.ActiveCfg = Debug|x64
		{620BC57E-2920-3D06-8955-2B175B7EA939}.Debug|x64.Build.0 = Debug|x64
		{620BC57E-2920-3D06-8955-2B175B7EA939}.Release|x64.ActiveCfg = Release|x64
		{620BC57E-2920-3D06-8955-2B175B7EA939}.Release|x64.Build.0 = Release|x64
		{620BC57E-2920-3D06-8955-2B175B7EA939}.MinSizeRel|x64.ActiveCfg = MinSizeRel|x64
		{620BC57E-2920-3D06-8955-2B175B7EA939}.MinSizeRel|x64.Build.0 = MinSizeRel|x64
		{620BC57E-2920-3D06-8955-2B175B7EA939}.RelWithDebInfo|x64.ActiveCfg = RelWithDebInfo|x64
		{620BC57E-2920-3D06-8955-2B175B7EA939}.RelWithDebInfo|x64.Build.0 = RelWithDebInfo|x64
		{4D0108C8-9251-388B-A27C-B3F20606CE02}.Debug|x64.ActiveCfg = Debug|x64
		{4D0108C8-9251-388B-A27C-B3F20606CE02}.Release|x64.ActiveCfg = Release|x64
		{4D0108C8-9251-388B-A27C-B3F20606CE02}.MinSizeRel|x64.ActiveCfg = MinSizeRel|x64
		{4D0108C8-9251-388B-A27C-B3F20606CE02}.RelWithDebInfo|x64.ActiveCfg = RelWithDebInfo|x64
		{2DA927F0-0B09-3A2F-858F-BF3FFC845CAA}.Debug|x64.ActiveCfg = Debug|x64
		{2DA927F0-0B09-3A2F-858F-BF3FFC845CAA}.Release|x64.ActiveCfg = Release|x64
		{2DA927F0-0B09-3A2F-858F-BF3FFC845CAA}.MinSizeRel|x64.ActiveCfg = MinSizeRel|x64
		{2DA927F0-0B09-3A2F-858F-BF3FFC845CAA}.RelWithDebInfo|x64.ActiveCfg = RelWithDebInfo|x64
		{92E8D220-6722-388F-A845-BE57175AE0DF}.Debug|x64.ActiveCfg = Debug|x64
		{92E8D220-6722-388F-A845-BE57175AE0DF}.Debug|x64.Build.0 = Debug|x64
		{92E8D220-6722-388F-A845-BE57175AE0DF}.Release|x64.ActiveCfg = Release|x64
		{92E8D220-6722-388F-A845-BE57175AE0DF}.Release|x64.Build.0 = Release|x64
		{92E8D220-6722-388F-A845-BE57175AE0DF}.MinSizeRel|x64.ActiveCfg = MinSizeRel|x64
		{92E8D220-6722-388F-A845-BE57175AE0DF}.MinSizeRel|x64.Build.0 = MinSizeRel|x64
		{92E8D220-6722-388F-A845-BE57175AE0DF}.RelWithDebInfo|x64.ActiveCfg = RelWithDebInfo|x64
		{92E8D220-6722-388F-A845-BE57175AE0DF}.RelWithDebInfo|x64.Build.0 = RelWithDebInfo|x64
		{D8EBF8C7-1E7F-378B-8A93-5E4B1291CAC0}.Debug|x64.ActiveCfg = Debug|x64
		{D8EBF8C7-1E7F-378B-8A93-5E4B1291CAC0}.Debug|x64.Build.0 = Debug|x64
		{D8EBF8C7-1E7F-378B-8A93-5E4B1291CAC0}.Release|x64.ActiveCfg = Release|x64
		{D8EBF8C7-1E7F-378B-8A93-5E4B1291CAC0}.Release|x64.Build.0 = Release|x64
		{D8EBF8C7-1E7F-378B-8A93-5E4B1291CAC0}.MinSizeRel|x64.ActiveCfg = MinSizeRel|x64
		{D8EBF8C7-1E7F-378B-8A93-5E4B1291CAC0}.MinSizeRel|x64.Build.0 = MinSizeRel|x64
		{D8EBF8C7-1E7F-378B-8A93-5E4B1291CAC0}.RelWithDebInfo|x64.ActiveCfg = RelWithDebInfo|x64
		{D8EBF8C7-1E7F-378B-8A93-5E4B1291CAC0}.RelWithDebInfo|x64.Build.0 = RelWithDebInfo|x64
	EndGlobalSection
	GlobalSection(NestedProjects) = preSolution
		{620BC57E-2920-3D06-8955-2B175B7EA939} = {79BB9F56-430C-3751-A903-B94F1B311ACA}
		{4D0108C8-9251-388B-A27C-B3F20606CE02} = {79BB9F56-430C-3751-A903-B94F1B311ACA}
		{2DA927F0-0B09-3A2F-858F-BF3FFC845CAA} = {79BB9F56-430C-3751-A903-B94F1B311ACA}
		{92E8D220-6722-388F-A845-BE57175AE0DF} = {79BB9F56-430C-3751-A903-B94F1B311ACA}
	EndGlobalSection
	GlobalSection(ExtensibilityGlobals) = postSolution
		SolutionGuid = {A517EED9-F9FF-3BA8-93C8-0CB34B366A20}
	EndGlobalSection
	GlobalSection(ExtensibilityAddIns) = postSolution
	EndGlobalSection
EndGlobal
